# THIS IS AN AUTOGENERATED FILE. DO NOT EDIT THIS FILE DIRECTLY.
# yarn lockfile v1


"@armyc2.c5isr.renderer/mil-sym-ts-web@2.9.2":
  version "2.9.2"
  resolved "https://registry.yarnpkg.com/@armyc2.c5isr.renderer/mil-sym-ts-web/-/mil-sym-ts-web-2.9.2.tgz#2604edf77ef831e2640ca6b1dfc0d5c578fa4a98"
  integrity sha512-gGMRGhGDfWfd9bJ+3jAa4m/k9l4ACQAHrCDeGpBjOc3pO4KIxtRtNOdgvNhZ4IsE2EfCGv22bFE5KMGw4EqPSQ==

"@js-joda/core@3.2.0":
  version "3.2.0"
  resolved "https://registry.yarnpkg.com/@js-joda/core/-/core-3.2.0.tgz#3e61e21b7b2b8a6be746df1335cf91d70db2a273"
  integrity sha512-PMqgJ0sw5B7FKb2d5bWYIoxjri+QlW/Pys7+Rw82jSH0QN3rB05jZ/VrrsUdh1w4+i2kw9JOejXGq/KhDOX7Kg==

"@messageformat/core@3.1.0":
  version "3.1.0"
  resolved "https://registry.yarnpkg.com/@messageformat/core/-/core-3.1.0.tgz#d4d2f5c3555228a6b5980b122a02b53dfc6458bd"
  integrity sha512-UxAnjecnRG4u2iaggwIyylYPHmk5BTErJcKmWyAKTXqYgSW1bFLp4D7fIzuh6bk17Qfcmf3qtufdrstCB23nBA==
  dependencies:
    "@messageformat/date-skeleton" "^1.0.0"
    "@messageformat/number-skeleton" "^1.0.0"
    "@messageformat/parser" "^5.0.0"
    "@messageformat/runtime" "^3.0.1"
    make-plural "^7.0.0"
    safe-identifier "^0.4.1"

"@messageformat/date-skeleton@^1.0.0":
  version "1.1.0"
  resolved "https://registry.yarnpkg.com/@messageformat/date-skeleton/-/date-skeleton-1.1.0.tgz#3bad068cbf5873d14592cfc7a73dd4d8615e2739"
  integrity sha512-rmGAfB1tIPER+gh3p/RgA+PVeRE/gxuQ2w4snFWPF5xtb5mbWR7Cbw7wCOftcUypbD6HVoxrVdyyghPm3WzP5A==

"@messageformat/number-skeleton@^1.0.0":
  version "1.2.0"
  resolved "https://registry.yarnpkg.com/@messageformat/number-skeleton/-/number-skeleton-1.2.0.tgz#e7c245c41a1b2722bc59dad68f4d454f761bc9b4"
  integrity sha512-xsgwcL7J7WhlHJ3RNbaVgssaIwcEyFkBqxHdcdaiJzwTZAWEOD8BuUFxnxV9k5S0qHN3v/KzUpq0IUpjH1seRg==

"@messageformat/parser@^5.0.0":
  version "5.1.1"
  resolved "https://registry.yarnpkg.com/@messageformat/parser/-/parser-5.1.1.tgz#ca7d6c18e9f3f6b6bc984a465dac16da00106055"
  integrity sha512-3p0YRGCcTUCYvBKLIxtDDyrJ0YijGIwrTRu1DT8gIviIDZru8H23+FkY6MJBzM1n9n20CiM4VeDYuBsrrwnLjg==
  dependencies:
    moo "^0.5.1"

"@messageformat/runtime@^3.0.1":
  version "3.0.2"
  resolved "https://registry.yarnpkg.com/@messageformat/runtime/-/runtime-3.0.2.tgz#7186cd772c55298cb5d2f2ec402af266db06af15"
  integrity sha512-dkIPDCjXcfhSHgNE1/qV6TeczQZR59Yx0xXeafVKgK3QVWoxc38ljwpksUpnzCGvN151KUbCJTDZVmahtf1YZw==
  dependencies:
    make-plural "^7.0.0"

"@types/json-schema@^7.0.9":
  version "7.0.15"
  resolved "https://registry.yarnpkg.com/@types/json-schema/-/json-schema-7.0.15.tgz#596a1747233694d50f6ad8a7869fcb6f56cf5841"
  integrity sha512-5+fP8P8MFNC+AyZCDxrB2pkZFPGzqQWUzpSeuuVLvm8VMcorNYavBqoFcxK8bQz4Qsbn4oUEEem4wDLfcysGHA==

"@types/raf@^3.4.0":
  version "3.4.3"
  resolved "https://registry.yarnpkg.com/@types/raf/-/raf-3.4.3.tgz#85f1d1d17569b28b8db45e16e996407a56b0ab04"
  integrity sha512-c4YAvMedbPZ5tEyxzQdMoOhhJ4RD3rngZIdwC2/qDN3d7JpEhB6fiBRKVY1lg5B7Wk+uPBjn5f39j1/2MY1oOw==

ajv-formats@^2.1.1:
  version "2.1.1"
  resolved "https://registry.yarnpkg.com/ajv-formats/-/ajv-formats-2.1.1.tgz#6e669400659eb74973bbf2e33327180a0996b520"
  integrity sha512-Wx0Kx52hxE7C18hkMEggYlEifqWZtYaRgouJor+WMdPnQyEK13vgEWyVNup7SoeeoLMsr4kf5h6dOW11I15MUA==
  dependencies:
    ajv "^8.0.0"

ajv-keywords@^5.1.0:
  version "5.1.0"
  resolved "https://registry.yarnpkg.com/ajv-keywords/-/ajv-keywords-5.1.0.tgz#69d4d385a4733cdbeab44964a1170a88f87f0e16"
  integrity sha512-YCS/JNFAUyr5vAuhk1DWm1CBxRHW9LbJ2ozWeemrIqpbsqKjHVxYPyi5GC0rjZIT5JxJ3virVTS8wk4i/Z+krw==
  dependencies:
    fast-deep-equal "^3.1.3"

ajv@^8.0.0, ajv@^8.9.0:
  version "8.20.0"
  resolved "https://registry.yarnpkg.com/ajv/-/ajv-8.20.0.tgz#304b3636add88ba7d936760dd50ece006dea95f9"
  integrity sha512-Thbli+OlOj+iMPYFBVBfJ3OmCAnaSyNn4M1vz9T6Gka5Jt9ba/HIR56joy65tY6kx/FCF5VXNB819Y7/GUrBGA==
  dependencies:
    fast-deep-equal "^3.1.3"
    fast-uri "^3.0.1"
    json-schema-traverse "^1.0.0"
    require-from-string "^2.0.2"

bcp-47@2.1.0:
  version "2.1.0"
  resolved "https://registry.yarnpkg.com/bcp-47/-/bcp-47-2.1.0.tgz#7e80734c3338fe8320894981dccf4968c3092df6"
  integrity sha512-9IIS3UPrvIa1Ej+lVDdDwO7zLehjqsaByECw0bu2RRGP73jALm6FYbzI5gWbgHLvNdkvfXB5YrSbocZdOS0c0w==
  dependencies:
    is-alphabetical "^2.0.0"
    is-alphanumerical "^2.0.0"
    is-decimal "^2.0.0"

"canvg@>= 4.0.3":
  version "4.0.3"
  resolved "https://registry.yarnpkg.com/canvg/-/canvg-4.0.3.tgz#1073a254ed9aed01a0ab53fb542c5bbecf7cf599"
  integrity sha512-fKzMoMBwus3CWo1Uy8XJc4tqqn98RoRrGV6CsIkaNiQT5lOeHuMh4fOt+LXLzn2Wqtr4p/c2TOLz4xtu4oBlFA==
  dependencies:
    "@types/raf" "^3.4.0"
    raf "^3.4.1"
    rgbcolor "^1.0.1"
    stackblur-canvas "^2.0.0"
    svg-pathdata "^6.0.3"

css-loader@6.7.3:
  version "6.7.3"
  resolved "https://registry.yarnpkg.com/css-loader/-/css-loader-6.7.3.tgz#1e8799f3ccc5874fdd55461af51137fcc5befbcd"
  integrity sha512-qhOH1KlBMnZP8FzRO6YCH9UHXQhVMcEGLyNdb7Hv2cpcmJbW0YrddO+tG1ab5nT41KpHIYGsbeHqxB9xPu1pKQ==
  dependencies:
    icss-utils "^5.1.0"
    postcss "^8.4.19"
    postcss-modules-extract-imports "^3.0.0"
    postcss-modules-local-by-default "^4.0.0"
    postcss-modules-scope "^3.0.0"
    postcss-modules-values "^4.0.0"
    postcss-value-parser "^4.2.0"
    semver "^7.3.8"

cssesc@^3.0.0:
  version "3.0.0"
  resolved "https://registry.yarnpkg.com/cssesc/-/cssesc-3.0.0.tgz#37741919903b868565e1c09ea747445cd18983ee"
  integrity sha512-/Tb/JcjK111nNScGob5MNtsntNM1aCNUDipB/TkwZFhyDrrE47SOx/18wF2bbjgc3ZzCSKW1T5nt5EbFoAz/Vg==

draco3d@1.5.7:
  version "1.5.7"
  resolved "https://registry.yarnpkg.com/draco3d/-/draco3d-1.5.7.tgz#94f9bce293eb8920c159dc91a4ce9124a9e899e0"
  integrity sha512-m6WCKt/erDXcw+70IJXnG7M3awwQPAsZvJGX5zY7beBqpELw6RDGkYVU0W43AFxye4pDZ5i2Lbyc/NNGqwjUVQ==

fast-deep-equal@^3.1.3:
  version "3.1.3"
  resolved "https://registry.yarnpkg.com/fast-deep-equal/-/fast-deep-equal-3.1.3.tgz#3a7d56b559d6cbc3eb512325244e619a65c6c525"
  integrity sha512-f3qQ9oQy9j2AhBe/H9VC91wLmKBCCU/gDOnKNAYG5hswO7BLKj09Hc5HYNz9cGI++xlpDCIgDaitVs03ATR84Q==

fast-uri@^3.0.1:
  version "3.1.2"
  resolved "https://registry.yarnpkg.com/fast-uri/-/fast-uri-3.1.2.tgz#8af3d4fc9d3e71b11572cc2673b514a7d1a8c8ec"
  integrity sha512-rVjf7ArG3LTk+FS6Yw81V1DLuZl1bRbNrev6Tmd/9RaroeeRRJhAt7jg/6YFxbvAQXUCavSoZhPPj6oOx+5KjQ==

icss-utils@^5.0.0, icss-utils@^5.1.0:
  version "5.1.0"
  resolved "https://registry.yarnpkg.com/icss-utils/-/icss-utils-5.1.0.tgz#c6be6858abd013d768e98366ae47e25d5887b1ae"
  integrity sha512-soFhflCVWLfRNOPU3iv5Z9VUdT44xFRbzjLsEzSr5AQmgqPMTHdU3PMT1Cf1ssx8fLNJDA1juftYl+PUcv3MqA==

is-alphabetical@^2.0.0:
  version "2.0.1"
  resolved "https://registry.yarnpkg.com/is-alphabetical/-/is-alphabetical-2.0.1.tgz#01072053ea7c1036df3c7d19a6daaec7f19e789b"
  integrity sha512-FWyyY60MeTNyeSRpkM2Iry0G9hpr7/9kD40mD/cGQEuilcZYS4okz8SN2Q6rLCJ8gbCt6fN+rC+6tMGS99LaxQ==

is-alphanumerical@^2.0.0:
  version "2.0.1"
  resolved "https://registry.yarnpkg.com/is-alphanumerical/-/is-alphanumerical-2.0.1.tgz#7c03fbe96e3e931113e57f964b0a368cc2dfd875"
  integrity sha512-hmbYhX/9MUMF5uh7tOXyK/n0ZvWpad5caBA17GsC6vyuCqaWliRG5K1qS9inmUhEMaOBIW7/whAnSwveW/LtZw==
  dependencies:
    is-alphabetical "^2.0.0"
    is-decimal "^2.0.0"

is-decimal@^2.0.0:
  version "2.0.1"
  resolved "https://registry.yarnpkg.com/is-decimal/-/is-decimal-2.0.1.tgz#9469d2dc190d0214fd87d78b78caecc0cc14eef7"
  integrity sha512-AAB9hiomQs5DXWcRB1rqsxGUstbRroFOPPVAomNk/3XHR5JyEZChOyTWe2oayKnsSsr/kcGqF+z6yuH6HHpN0A==

json-schema-traverse@^1.0.0:
  version "1.0.0"
  resolved "https://registry.yarnpkg.com/json-schema-traverse/-/json-schema-traverse-1.0.0.tgz#ae7bcb3656ab77a73ba5c49bf654f38e6b6860e2"
  integrity sha512-NM8/P9n3XjXhIZn1lLhkFaACTOURQXjWhV4BA/RnOv8xvgqtqpAX9IO4mRQxSx1Rlo4tqzeqb0sOlruaOy3dug==

make-plural@^7.0.0:
  version "7.5.0"
  resolved "https://registry.yarnpkg.com/make-plural/-/make-plural-7.5.0.tgz#ff99598640d82ec7a69bea15d34ecc50152fc0db"
  integrity sha512-0booA+aVYyVFoR67JBHdfVk0U08HmrBH2FrtmBqBa+NldlqXv/G2Z9VQuQq6Wgp2jDWdybEWGfBkk1cq5264WA==

meshoptimizer@0.21.0:
  version "0.21.0"
  resolved "https://registry.yarnpkg.com/meshoptimizer/-/meshoptimizer-0.21.0.tgz#08ba1e146f3a72be99d0a59ad509c1939eebc357"
  integrity sha512-WabtlpnK/GgD0GMwYd1fBTfYHf4MIcQPEg6dt7y4GuDcY51RzLSkSNE8ZogD7U3Vs2/fIf4z89TOLpA80EOnhg==

mini-css-extract-plugin@2.7.5:
  version "2.7.5"
  resolved "https://registry.yarnpkg.com/mini-css-extract-plugin/-/mini-css-extract-plugin-2.7.5.tgz#afbb344977659ec0f1f6e050c7aea456b121cfc5"
  integrity sha512-9HaR++0mlgom81s95vvNjxkg52n2b5s//3ZTI1EtzFb98awsLSivs2LMsVqnQ3ay0PVhqWcGNyDaTE961FOcjQ==
  dependencies:
    schema-utils "^4.0.0"

moo@^0.5.1:
  version "0.5.3"
  resolved "https://registry.yarnpkg.com/moo/-/moo-0.5.3.tgz#dfcdb40ff6f1a03c34af5df7f9717cecfa88c38c"
  integrity sha512-m2fmM2dDm7GZQsY7KK2cme8agi+AAljILjQnof7p1ZMDe6dQ4bdnSMx0cPppudoeNv5hEFQirN6u+O4fDE0IWA==

nanoid@^3.3.12:
  version "3.3.12"
  resolved "https://registry.yarnpkg.com/nanoid/-/nanoid-3.3.12.tgz#ab3d912e217a6d0a514f00a72a16543a28982c05"
  integrity sha512-ZB9RH/39qpq5Vu6Y+NmUaFhQR6pp+M2Xt76XBnEwDaGcVAqhlvxrl3B2bKS5D3NH3QR76v3aSrKaF/Kiy7lEtQ==

pako@~2.1.0:
  version "2.1.0"
  resolved "https://registry.yarnpkg.com/pako/-/pako-2.1.0.tgz#266cc37f98c7d883545d11335c00fbd4062c9a86"
  integrity sha512-w+eufiZ1WuJYgPXbV/PO3NCMEc3xqylkKHzp8bxp1uW4qaSNQUkwmLLEc3kKsfz8lpV1F8Ht3U1Cm+9Srog2ug==

performance-now@^2.1.0:
  version "2.1.0"
  resolved "https://registry.yarnpkg.com/performance-now/-/performance-now-2.1.0.tgz#6309f4e0e5fa913ec1c69307ae364b4b377c9e7b"
  integrity sha512-7EAHlyLHI56VEIdK57uwHdHKIaAGbnXPiw0yWbarQZOKaKpvUIgW0jWRVLiatnM+XXlSwsanIBH/hzGMJulMow==

picocolors@^1.1.1:
  version "1.1.1"
  resolved "https://registry.yarnpkg.com/picocolors/-/picocolors-1.1.1.tgz#3d321af3eab939b083c8f929a1d12cda81c26b6b"
  integrity sha512-xceH2snhtb5M9liqDsmEw56le376mTZkEX/jEb/RxNFyegNul7eNslCXP9FDj/Lcu0X8KEyMceP2ntpaHrDEVA==

postcss-modules-extract-imports@^3.0.0:
  version "3.1.0"
  resolved "https://registry.yarnpkg.com/postcss-modules-extract-imports/-/postcss-modules-extract-imports-3.1.0.tgz#b4497cb85a9c0c4b5aabeb759bb25e8d89f15002"
  integrity sha512-k3kNe0aNFQDAZGbin48pL2VNidTF0w4/eASDsxlyspobzU3wZQLOGj7L9gfRe0Jo9/4uud09DsjFNH7winGv8Q==

postcss-modules-local-by-default@^4.0.0:
  version "4.2.0"
  resolved "https://registry.yarnpkg.com/postcss-modules-local-by-default/-/postcss-modules-local-by-default-4.2.0.tgz#d150f43837831dae25e4085596e84f6f5d6ec368"
  integrity sha512-5kcJm/zk+GJDSfw+V/42fJ5fhjL5YbFDl8nVdXkJPLLW+Vf9mTD5Xe0wqIaDnLuL2U6cDNpTr+UQ+v2HWIBhzw==
  dependencies:
    icss-utils "^5.0.0"
    postcss-selector-parser "^7.0.0"
    postcss-value-parser "^4.1.0"

postcss-modules-scope@^3.0.0:
  version "3.2.1"
  resolved "https://registry.yarnpkg.com/postcss-modules-scope/-/postcss-modules-scope-3.2.1.tgz#1bbccddcb398f1d7a511e0a2d1d047718af4078c"
  integrity sha512-m9jZstCVaqGjTAuny8MdgE88scJnCiQSlSrOWcTQgM2t32UBe+MUmFSO5t7VMSfAf/FJKImAxBav8ooCHJXCJA==
  dependencies:
    postcss-selector-parser "^7.0.0"

postcss-modules-values@^4.0.0:
  version "4.0.0"
  resolved "https://registry.yarnpkg.com/postcss-modules-values/-/postcss-modules-values-4.0.0.tgz#d7c5e7e68c3bb3c9b27cbf48ca0bb3ffb4602c9c"
  integrity sha512-RDxHkAiEGI78gS2ofyvCsu7iycRv7oqw5xMWn9iMoR0N/7mf9D50ecQqUo5BZ9Zh2vH4bCUR/ktCqbB9m8vJjQ==
  dependencies:
    icss-utils "^5.0.0"

postcss-selector-parser@^7.0.0:
  version "7.1.1"
  resolved "https://registry.yarnpkg.com/postcss-selector-parser/-/postcss-selector-parser-7.1.1.tgz#e75d2e0d843f620e5df69076166f4e16f891cb9f"
  integrity sha512-orRsuYpJVw8LdAwqqLykBj9ecS5/cRHlI5+nvTo8LcCKmzDmqVORXtOIYEEQuL9D4BxtA1lm5isAqzQZCoQ6Eg==
  dependencies:
    cssesc "^3.0.0"
    util-deprecate "^1.0.2"

postcss-value-parser@^4.1.0, postcss-value-parser@^4.2.0:
  version "4.2.0"
  resolved "https://registry.yarnpkg.com/postcss-value-parser/-/postcss-value-parser-4.2.0.tgz#723c09920836ba6d3e5af019f92bc0971c02e514"
  integrity sha512-1NNCs6uurfkVbeXG4S8JFT9t19m45ICnif8zWLd5oPSZ50QnwMfK+H3jv408d4jw/7Bttv5axS5IiHoLaVNHeQ==

postcss@^8.4.19:
  version "8.5.15"
  resolved "https://registry.yarnpkg.com/postcss/-/postcss-8.5.15.tgz#d1eaf677a324e9ec02196da2d3fecf4a0b9a735c"
  integrity sha512-FfR8sjd4em2T6fb3I2MwAJU7HWVMr9zba+enmQeeWFfCbm+UOC/0X4DS8XtpUTMwWMGbjKYP7xjfNekzyGmB3A==
  dependencies:
    nanoid "^3.3.12"
    picocolors "^1.1.1"
    source-map-js "^1.2.1"

raf@^3.4.1:
  version "3.4.1"
  resolved "https://registry.yarnpkg.com/raf/-/raf-3.4.1.tgz#0742e99a4a6552f445d73e3ee0328af0ff1ede39"
  integrity sha512-Sq4CW4QhwOHE8ucn6J34MqtZCeWFP2aQSmrlroYgqAV1PjStIhJXxYuTgUIfkEk7zTLjmIjLmU5q+fbD1NnOJA==
  dependencies:
    performance-now "^2.1.0"

require-from-string@^2.0.2:
  version "2.0.2"
  resolved "https://registry.yarnpkg.com/require-from-string/-/require-from-string-2.0.2.tgz#89a7fdd938261267318eafe14f9c32e598c36909"
  integrity sha512-Xf0nWe6RseziFMu+Ap9biiUbmplq6S9/p+7w7YXP/JBHhrUDDUhwa+vANyubuqfZWTveU//DYVGsDG7RKL/vEw==

rgbcolor@^1.0.1:
  version "1.0.1"
  resolved "https://registry.yarnpkg.com/rgbcolor/-/rgbcolor-1.0.1.tgz#d6505ecdb304a6595da26fa4b43307306775945d"
  integrity sha512-9aZLIrhRaD97sgVhtJOW6ckOEh6/GnvQtdVNfdZ6s67+3/XwLS9lBcQYzEEhYVeUowN7pRzMLsyGhK2i/xvWbw==

safe-identifier@^0.4.1:
  version "0.4.2"
  resolved "https://registry.yarnpkg.com/safe-identifier/-/safe-identifier-0.4.2.tgz#cf6bfca31c2897c588092d1750d30ef501d59fcb"
  integrity sha512-6pNbSMW6OhAi9j+N8V+U715yBQsaWJ7eyEUaOrawX+isg5ZxhUlV1NipNtgaKHmFGiABwt+ZF04Ii+3Xjkg+8w==

schema-utils@^4.0.0:
  version "4.3.3"
  resolved "https://registry.yarnpkg.com/schema-utils/-/schema-utils-4.3.3.tgz#5b1850912fa31df90716963d45d9121fdfc09f46"
  integrity sha512-eflK8wEtyOE6+hsaRVPxvUKYCpRgzLqDTb8krvAsRIwOGlHoSgYLgBXoubGgLd2fT41/OUYdb48v4k4WWHQurA==
  dependencies:
    "@types/json-schema" "^7.0.9"
    ajv "^8.9.0"
    ajv-formats "^2.1.1"
    ajv-keywords "^5.1.0"

semver@^7.3.8:
  version "7.8.2"
  resolved "https://registry.yarnpkg.com/semver/-/semver-7.8.2.tgz#194bd65723a28cf82542d2bf176b91c26b343be1"
  integrity sha512-c8jsqUZm3omBOI66G90z1Dyw5z622G8oLG+omfsHBJf3CWQTlOcwOjvOG6wtiNfW6anKm/eA39LMwMtMez2TiQ==

source-map-js@^1.2.1:
  version "1.2.1"
  resolved "https://registry.yarnpkg.com/source-map-js/-/source-map-js-1.2.1.tgz#1ce5650fddd87abc099eda37dcff024c2667ae46"
  integrity sha512-UXWMKhLOwVKb728IUtQPXxfYU+usdybtUrK/8uGE8CQMvrhOpwvzDBwj0QhSL7MQc7vIsISBG8VQ8+IDQxpfQA==

stackblur-canvas@^2.0.0:
  version "2.7.0"
  resolved "https://registry.yarnpkg.com/stackblur-canvas/-/stackblur-canvas-2.7.0.tgz#af931277d0b5096df55e1f91c530043e066989b6"
  integrity sha512-yf7OENo23AGJhBriGx0QivY5JP6Y1HbrrDI6WLt6C5auYZXlQrheoY8hD4ibekFKz1HOfE48Ww8kMWMnJD/zcQ==

style-loader@3.3.2:
  version "3.3.2"
  resolved "https://registry.yarnpkg.com/style-loader/-/style-loader-3.3.2.tgz#eaebca714d9e462c19aa1e3599057bc363924899"
  integrity sha512-RHs/vcrKdQK8wZliteNK4NKzxvLBzpuHMqYmUVWeKa6MkaIQ97ZTOS0b+zapZhy6GcrgWnvWYCMHRirC3FsUmw==

svg-pathdata@^6.0.3:
  version "6.0.3"
  resolved "https://registry.yarnpkg.com/svg-pathdata/-/svg-pathdata-6.0.3.tgz#80b0e0283b652ccbafb69ad4f8f73e8d3fbf2cac"
  integrity sha512-qsjeeq5YjBZ5eMdFuUa4ZosMLxgr5RZ+F+Y1OrDhuOCEInRMA3x74XdBtggJcj9kOeInz0WE+LgCPDkZFlBYJw==

three@0.160.0:
  version "0.160.0"
  resolved "https://registry.yarnpkg.com/three/-/three-0.160.0.tgz#cd1e4dbd01aee0719280a9086d75545db52b7a8f"
  integrity sha512-DLU8lc0zNIPkM7rH5/e1Ks1Z8tWCGRq6g8mPowdDJpw1CFBJMU7UoJjC6PefXW7z//SSl0b2+GCw14LB+uDhng==

util-deprecate@^1.0.2:
  version "1.0.2"
  resolved "https://registry.yarnpkg.com/util-deprecate/-/util-deprecate-1.0.2.tgz#450d4dc9fa70de732762fbd2d4a28981419a0ccf"
  integrity sha512-EPD5q1uXyFxJpCrLnCc1nHnq3gOa6DZBocAIiI2TaSCA7VCJ1UJDMagCzIkXNsUYfD1daK//LTEQ8xiIbrHtcw==

ws@8.20.1:
  version "8.20.1"
  resolved "https://registry.yarnpkg.com/ws/-/ws-8.20.1.tgz#91a9ae2b312ccf98e0a85ec499b48cef45ab0ddb"
  integrity sha512-It4dO0K5v//JtTXuPkfEOaI3uUN87iYPnqo/ZzqCoG3g8uhA66QUMs/SrM0YK7/NAu+r4LMh/9dq2A7k+rHs+w==
