// !$*UTF8*$!
{
	archiveVersion = 1;
	classes = {
	};
	objectVersion = 56;
	objects = {

/* Begin PBXBuildFile section */
		B00000000000000000000001 /* WorldWindTutorialsApp.swift in Sources */ = {isa = PBXBuildFile; fileRef = F00000000000000000000001 /* WorldWindTutorialsApp.swift */; };
		B00000000000000000000002 /* ContentView.swift in Sources */ = {isa = PBXBuildFile; fileRef = F00000000000000000000002 /* ContentView.swift */; };
		B00000000000000000000003 /* TutorialPicker.swift in Sources */ = {isa = PBXBuildFile; fileRef = F00000000000000000000003 /* TutorialPicker.swift */; };
		B00000000000000000000004 /* GlobeView.swift in Sources */ = {isa = PBXBuildFile; fileRef = F00000000000000000000004 /* GlobeView.swift */; };
		B00000000000000000000005 /* WorldWindTutorials.framework in Frameworks */ = {isa = PBXBuildFile; fileRef = F00000000000000000000006 /* WorldWindTutorials.framework */; };
		B00000000000000000000006 /* EGM96.dat in Resources */ = {isa = PBXBuildFile; fileRef = F00000000000000000000008 /* EGM96.dat */; };
		B00000000000000000000007 /* drone_motion.mp4 in Resources */ = {isa = PBXBuildFile; fileRef = F00000000000000000000009 /* drone_motion.mp4 */; };
		B00000000000000000000008 /* drone_motion.json in Resources */ = {isa = PBXBuildFile; fileRef = F0000000000000000000000A /* drone_motion.json */; };
/* End PBXBuildFile section */

/* Begin PBXFileReference section */
		F00000000000000000000001 /* WorldWindTutorialsApp.swift */ = {isa = PBXFileReference; lastKnownFileType = sourcecode.swift; path = WorldWindTutorialsApp.swift; sourceTree = "<group>"; };
		F00000000000000000000002 /* ContentView.swift */ = {isa = PBXFileReference; lastKnownFileType = sourcecode.swift; path = ContentView.swift; sourceTree = "<group>"; };
		F00000000000000000000003 /* TutorialPicker.swift */ = {isa = PBXFileReference; lastKnownFileType = sourcecode.swift; path = TutorialPicker.swift; sourceTree = "<group>"; };
		F00000000000000000000004 /* GlobeView.swift */ = {isa = PBXFileReference; lastKnownFileType = sourcecode.swift; path = GlobeView.swift; sourceTree = "<group>"; };
		F00000000000000000000005 /* Info.plist */ = {isa = PBXFileReference; lastKnownFileType = text.plist.xml; path = Info.plist; sourceTree = "<group>"; };
		F00000000000000000000006 /* WorldWindTutorials.framework */ = {isa = PBXFileReference; lastKnownFileType = wrapper.framework; name = WorldWindTutorials.framework; path = "../worldwind-tutorials/build/bin/iosSimulatorArm64/debugFramework/WorldWindTutorials.framework"; sourceTree = "<group>"; };
		F00000000000000000000007 /* WorldWindTutorials.app */ = {isa = PBXFileReference; explicitFileType = wrapper.application; includeInIndex = 0; path = WorldWindTutorials.app; sourceTree = BUILT_PRODUCTS_DIR; };
		F00000000000000000000008 /* EGM96.dat */ = {isa = PBXFileReference; lastKnownFileType = file; name = EGM96.dat; path = "../worldwind/src/commonMain/moko-resources/assets/EGM96.dat"; sourceTree = "<group>"; };
		F00000000000000000000009 /* drone_motion.mp4 */ = {isa = PBXFileReference; lastKnownFileType = file; name = drone_motion.mp4; path = "../worldwind-tutorials/src/commonMain/moko-resources/assets/video/drone_motion.mp4"; sourceTree = "<group>"; };
		F0000000000000000000000A /* drone_motion.json */ = {isa = PBXFileReference; lastKnownFileType = text.json; name = drone_motion.json; path = "../worldwind-tutorials/src/commonMain/moko-resources/assets/video/drone_motion.json"; sourceTree = "<group>"; };
/* End PBXFileReference section */

/* Begin PBXFrameworksBuildPhase section */
		P00000000000000000000002 /* Frameworks */ = {
			isa = PBXFrameworksBuildPhase;
			buildActionMask = 2147483647;
			files = (
				B00000000000000000000005 /* WorldWindTutorials.framework in Frameworks */,
			);
			runOnlyForDeploymentPostprocessing = 0;
		};
/* End PBXFrameworksBuildPhase section */

/* Begin PBXGroup section */
		G00000000000000000000001 = {
			isa = PBXGroup;
			children = (
				G00000000000000000000002 /* WorldWindTutorialsApp */,
				G00000000000000000000003 /* Resources */,
				G00000000000000000000004 /* Frameworks */,
				G00000000000000000000005 /* Products */,
			);
			sourceTree = "<group>";
		};
		G00000000000000000000002 /* WorldWindTutorialsApp */ = {
			isa = PBXGroup;
			children = (
				F00000000000000000000001 /* WorldWindTutorialsApp.swift */,
				F00000000000000000000002 /* ContentView.swift */,
				F00000000000000000000003 /* TutorialPicker.swift */,
				F00000000000000000000004 /* GlobeView.swift */,
				F00000000000000000000005 /* Info.plist */,
			);
			path = WorldWindTutorialsApp;
			sourceTree = "<group>";
		};
		G00000000000000000000003 /* Resources */ = {
			isa = PBXGroup;
			children = (
				F00000000000000000000008 /* EGM96.dat */,
				F00000000000000000000009 /* drone_motion.mp4 */,
				F0000000000000000000000A /* drone_motion.json */,
			);
			name = Resources;
			sourceTree = "<group>";
		};
		G00000000000000000000004 /* Frameworks */ = {
			isa = PBXGroup;
			children = (
				F00000000000000000000006 /* WorldWindTutorials.framework */,
			);
			name = Frameworks;
			sourceTree = "<group>";
		};
		G00000000000000000000005 /* Products */ = {
			isa = PBXGroup;
			children = (
				F00000000000000000000007 /* WorldWindTutorials.app */,
			);
			name = Products;
			sourceTree = "<group>";
		};
/* End PBXGroup section */

/* Begin PBXNativeTarget section */
		T00000000000000000000001 /* WorldWindTutorials */ = {
			isa = PBXNativeTarget;
			buildConfigurationList = L00000000000000000000002 /* Build configuration list for PBXNativeTarget "WorldWindTutorials" */;
			buildPhases = (
				P00000000000000000000004 /* Build Kotlin/Native framework */,
				P00000000000000000000001 /* Sources */,
				P00000000000000000000002 /* Frameworks */,
				P00000000000000000000003 /* Resources */,
			);
			buildRules = (
			);
			dependencies = (
			);
			name = WorldWindTutorials;
			productName = WorldWindTutorials;
			productReference = F00000000000000000000007 /* WorldWindTutorials.app */;
			productType = "com.apple.product-type.application";
		};
/* End PBXNativeTarget section */

/* Begin PBXProject section */
		R00000000000000000000001 /* Project object */ = {
			isa = PBXProject;
			attributes = {
				BuildIndependentTargetsInParallel = 1;
				LastSwiftUpdateCheck = 1500;
				LastUpgradeCheck = 1500;
				TargetAttributes = {
					T00000000000000000000001 = {
						CreatedOnToolsVersion = 15.0;
					};
				};
			};
			buildConfigurationList = L00000000000000000000001 /* Build configuration list for PBXProject "WorldWindTutorials" */;
			compatibilityVersion = "Xcode 14.0";
			developmentRegion = en;
			hasScannedForEncodings = 0;
			knownRegions = (
				en,
				Base,
			);
			mainGroup = G00000000000000000000001;
			productRefGroup = G00000000000000000000005 /* Products */;
			projectDirPath = "";
			projectRoot = "";
			targets = (
				T00000000000000000000001 /* WorldWindTutorials */,
			);
		};
/* End PBXProject section */

/* Begin PBXResourcesBuildPhase section */
		P00000000000000000000003 /* Resources */ = {
			isa = PBXResourcesBuildPhase;
			buildActionMask = 2147483647;
			files = (
				B00000000000000000000006 /* EGM96.dat in Resources */,
				B00000000000000000000007 /* drone_motion.mp4 in Resources */,
				B00000000000000000000008 /* drone_motion.json in Resources */,
			);
			runOnlyForDeploymentPostprocessing = 0;
		};
/* End PBXResourcesBuildPhase section */

/* Begin PBXShellScriptBuildPhase section */
		P00000000000000000000004 /* Build Kotlin/Native framework */ = {
			isa = PBXShellScriptBuildPhase;
			alwaysOutOfDate = 1;
			buildActionMask = 2147483647;
			files = (
			);
			inputFileListPaths = (
			);
			inputPaths = (
			);
			name = "Build Kotlin/Native framework";
			outputFileListPaths = (
			);
			outputPaths = (
				"$(DERIVED_FILE_DIR)/kotlin-native-framework.stamp",
			);
			runOnlyForDeploymentPostprocessing = 0;
			shellPath = /bin/sh;
			shellScript = "set -euo pipefail\ncd \"$SRCROOT/..\"\n\nif [ \"$CONFIGURATION\" = \"Release\" ]; then\n    GRADLE_CONFIG=\"Release\"\nelse\n    GRADLE_CONFIG=\"Debug\"\nfi\n\ncase \"$SDK_NAME-$ARCHS\" in\n    iphoneos*-*arm64*)         KN_TARGET=\"IosArm64\" ;;\n    iphonesimulator*-*arm64*)  KN_TARGET=\"IosSimulatorArm64\" ;;\n    iphonesimulator*-*x86_64*) KN_TARGET=\"IosX64\" ;;\n    *)\n        echo \"error: Unsupported SDK/arch combo: $SDK_NAME / $ARCHS\" >&2\n        exit 1\n        ;;\nesac\n\n# 1) Build the static framework so its headers + .a are ready for the Swift compile.\necho \"Running ./gradlew :worldwind-tutorials:link${GRADLE_CONFIG}Framework${KN_TARGET}\"\n./gradlew :worldwind-tutorials:link${GRADLE_CONFIG}Framework${KN_TARGET}\n\n# 2) Copy moko-resources bundles (images, files, assets) from the framework into the .app.\n# The task is registered per-variant and reads CONFIGURATION/SDK_NAME/ARCHS/BUILT_PRODUCTS_DIR/\n# CONTENTS_FOLDER_PATH from Xcode's env. Without it, MR.assets / MR.files / MR.images lookups\n# fail at runtime (FileResource retrieval failed, UIImage(named:) returns nil, etc.).\necho \"Running ./gradlew :worldwind-tutorials:copyResources${GRADLE_CONFIG}Framework${KN_TARGET}\"\n./gradlew :worldwind-tutorials:copyResources${GRADLE_CONFIG}Framework${KN_TARGET} \\\n    -Pmoko.resources.BUILT_PRODUCTS_DIR=\"$BUILT_PRODUCTS_DIR\" \\\n    -Pmoko.resources.CONTENTS_FOLDER_PATH=\"$CONTENTS_FOLDER_PATH\" \\\n    -Pmoko.resources.CONFIGURATION=\"$CONFIGURATION\" \\\n    -Pmoko.resources.SDK_NAME=\"$SDK_NAME\" \\\n    -Pmoko.resources.ARCHS=\"$ARCHS\"\n\n# 3) Touch a stamp file declared in outputPaths. With alwaysOutOfDate = 1 plus a real\n# outputPath, Xcode invalidates the downstream Swift compile / app link phases on every\n# build (otherwise it would skip linking when no Swift source changed and keep the .app\n# bundled with the previous Gradle build of the framework).\nmkdir -p \"$DERIVED_FILE_DIR\"\ntouch \"$DERIVED_FILE_DIR/kotlin-native-framework.stamp\"\n";
		};
/* End PBXShellScriptBuildPhase section */

/* Begin PBXSourcesBuildPhase section */
		P00000000000000000000001 /* Sources */ = {
			isa = PBXSourcesBuildPhase;
			buildActionMask = 2147483647;
			files = (
				B00000000000000000000001 /* WorldWindTutorialsApp.swift in Sources */,
				B00000000000000000000002 /* ContentView.swift in Sources */,
				B00000000000000000000003 /* TutorialPicker.swift in Sources */,
				B00000000000000000000004 /* GlobeView.swift in Sources */,
			);
			runOnlyForDeploymentPostprocessing = 0;
		};
/* End PBXSourcesBuildPhase section */

/* Begin XCBuildConfiguration section */
		C00000000000000000000001 /* Debug */ = {
			isa = XCBuildConfiguration;
			buildSettings = {
				ALWAYS_SEARCH_USER_PATHS = NO;
				ASSETCATALOG_COMPILER_GENERATE_SWIFT_ASSET_SYMBOL_EXTENSIONS = YES;
				CLANG_ANALYZER_NONNULL = YES;
				CLANG_ANALYZER_NUMBER_OBJECT_CONVERSION = YES_AGGRESSIVE;
				CLANG_CXX_LANGUAGE_STANDARD = "gnu++20";
				CLANG_ENABLE_MODULES = YES;
				CLANG_ENABLE_OBJC_ARC = YES;
				CLANG_ENABLE_OBJC_WEAK = YES;
				CLANG_WARN_BLOCK_CAPTURE_AUTORELEASING = YES;
				CLANG_WARN_BOOL_CONVERSION = YES;
				CLANG_WARN_COMMA = YES;
				CLANG_WARN_CONSTANT_CONVERSION = YES;
				CLANG_WARN_DEPRECATED_OBJC_IMPLEMENTATIONS = YES;
				CLANG_WARN_DIRECT_OBJC_ISA_USAGE = YES_ERROR;
				CLANG_WARN_DOCUMENTATION_COMMENTS = YES;
				CLANG_WARN_EMPTY_BODY = YES;
				CLANG_WARN_ENUM_CONVERSION = YES;
				CLANG_WARN_INFINITE_RECURSION = YES;
				CLANG_WARN_INT_CONVERSION = YES;
				CLANG_WARN_NON_LITERAL_NULL_CONVERSION = YES;
				CLANG_WARN_OBJC_IMPLICIT_RETAIN_SELF = YES;
				CLANG_WARN_OBJC_LITERAL_CONVERSION = YES;
				CLANG_WARN_OBJC_ROOT_CLASS = YES_ERROR;
				CLANG_WARN_QUOTED_INCLUDE_IN_FRAMEWORK_HEADER = YES;
				CLANG_WARN_RANGE_LOOP_ANALYSIS = YES;
				CLANG_WARN_STRICT_PROTOTYPES = YES;
				CLANG_WARN_SUSPICIOUS_MOVE = YES;
				CLANG_WARN_UNGUARDED_AVAILABILITY = YES_AGGRESSIVE;
				CLANG_WARN_UNREACHABLE_CODE = YES;
				CLANG_WARN__DUPLICATE_METHOD_MATCH = YES;
				COPY_PHASE_STRIP = NO;
				DEBUG_INFORMATION_FORMAT = dwarf;
				ENABLE_STRICT_OBJC_MSGSEND = YES;
				ENABLE_TESTABILITY = YES;
				ENABLE_USER_SCRIPT_SANDBOXING = NO;
				GCC_C_LANGUAGE_STANDARD = gnu17;
				GCC_DYNAMIC_NO_PIC = NO;
				GCC_NO_COMMON_BLOCKS = YES;
				GCC_OPTIMIZATION_LEVEL = 0;
				GCC_WARN_64_TO_32_BIT_CONVERSION = YES;
				GCC_WARN_ABOUT_RETURN_TYPE = YES_ERROR;
				GCC_WARN_UNDECLARED_SELECTOR = YES;
				GCC_WARN_UNINITIALIZED_AUTOS = YES_AGGRESSIVE;
				GCC_WARN_UNUSED_FUNCTION = YES;
				GCC_WARN_UNUSED_VARIABLE = YES;
				IPHONEOS_DEPLOYMENT_TARGET = 16.0;
				LOCALIZATION_PREFERS_STRING_CATALOGS = YES;
				MTL_ENABLE_DEBUG_INFO = INCLUDE_SOURCE;
				MTL_FAST_MATH = YES;
				ONLY_ACTIVE_ARCH = YES;
				SDKROOT = iphoneos;
				SWIFT_ACTIVE_COMPILATION_CONDITIONS = "DEBUG $(inherited)";
				SWIFT_OPTIMIZATION_LEVEL = "-Onone";
			};
			name = Debug;
		};
		C00000000000000000000002 /* Release */ = {
			isa = XCBuildConfiguration;
			buildSettings = {
				ALWAYS_SEARCH_USER_PATHS = NO;
				ASSETCATALOG_COMPILER_GENERATE_SWIFT_ASSET_SYMBOL_EXTENSIONS = YES;
				CLANG_ANALYZER_NONNULL = YES;
				CLANG_ANALYZER_NUMBER_OBJECT_CONVERSION = YES_AGGRESSIVE;
				CLANG_CXX_LANGUAGE_STANDARD = "gnu++20";
				CLANG_ENABLE_MODULES = YES;
				CLANG_ENABLE_OBJC_ARC = YES;
				CLANG_ENABLE_OBJC_WEAK = YES;
				CLANG_WARN_BLOCK_CAPTURE_AUTORELEASING = YES;
				CLANG_WARN_BOOL_CONVERSION = YES;
				CLANG_WARN_COMMA = YES;
				CLANG_WARN_CONSTANT_CONVERSION = YES;
				CLANG_WARN_DEPRECATED_OBJC_IMPLEMENTATIONS = YES;
				CLANG_WARN_DIRECT_OBJC_ISA_USAGE = YES_ERROR;
				CLANG_WARN_DOCUMENTATION_COMMENTS = YES;
				CLANG_WARN_EMPTY_BODY = YES;
				CLANG_WARN_ENUM_CONVERSION = YES;
				CLANG_WARN_INFINITE_RECURSION = YES;
				CLANG_WARN_INT_CONVERSION = YES;
				CLANG_WARN_NON_LITERAL_NULL_CONVERSION = YES;
				CLANG_WARN_OBJC_IMPLICIT_RETAIN_SELF = YES;
				CLANG_WARN_OBJC_LITERAL_CONVERSION = YES;
				CLANG_WARN_OBJC_ROOT_CLASS = YES_ERROR;
				CLANG_WARN_QUOTED_INCLUDE_IN_FRAMEWORK_HEADER = YES;
				CLANG_WARN_RANGE_LOOP_ANALYSIS = YES;
				CLANG_WARN_STRICT_PROTOTYPES = YES;
				CLANG_WARN_SUSPICIOUS_MOVE = YES;
				CLANG_WARN_UNGUARDED_AVAILABILITY = YES_AGGRESSIVE;
				CLANG_WARN_UNREACHABLE_CODE = YES;
				CLANG_WARN__DUPLICATE_METHOD_MATCH = YES;
				COPY_PHASE_STRIP = NO;
				DEBUG_INFORMATION_FORMAT = "dwarf-with-dsym";
				ENABLE_NS_ASSERTIONS = NO;
				ENABLE_STRICT_OBJC_MSGSEND = YES;
				ENABLE_USER_SCRIPT_SANDBOXING = NO;
				GCC_C_LANGUAGE_STANDARD = gnu17;
				GCC_NO_COMMON_BLOCKS = YES;
				GCC_WARN_64_TO_32_BIT_CONVERSION = YES;
				GCC_WARN_ABOUT_RETURN_TYPE = YES_ERROR;
				GCC_WARN_UNDECLARED_SELECTOR = YES;
				GCC_WARN_UNINITIALIZED_AUTOS = YES_AGGRESSIVE;
				GCC_WARN_UNUSED_FUNCTION = YES;
				GCC_WARN_UNUSED_VARIABLE = YES;
				IPHONEOS_DEPLOYMENT_TARGET = 16.0;
				LOCALIZATION_PREFERS_STRING_CATALOGS = YES;
				MTL_ENABLE_DEBUG_INFO = NO;
				MTL_FAST_MATH = YES;
				SDKROOT = iphoneos;
				SWIFT_COMPILATION_MODE = wholemodule;
				VALIDATE_PRODUCT = YES;
			};
			name = Release;
		};
		C00000000000000000000003 /* Debug */ = {
			isa = XCBuildConfiguration;
			buildSettings = {
				ASSETCATALOG_COMPILER_APPICON_NAME = "";
				ASSETCATALOG_COMPILER_GLOBAL_ACCENT_COLOR_NAME = "";
				CODE_SIGN_STYLE = Automatic;
				CURRENT_PROJECT_VERSION = 1;
				DEVELOPMENT_TEAM = 8M935527Z9;
				ENABLE_PREVIEWS = YES;
				"FRAMEWORK_SEARCH_PATHS[sdk=iphoneos*]" = "$(SRCROOT)/../worldwind-tutorials/build/bin/iosArm64/debugFramework";
				"FRAMEWORK_SEARCH_PATHS[sdk=iphonesimulator*][arch=arm64]" = "$(SRCROOT)/../worldwind-tutorials/build/bin/iosSimulatorArm64/debugFramework";
				"FRAMEWORK_SEARCH_PATHS[sdk=iphonesimulator*][arch=x86_64]" = "$(SRCROOT)/../worldwind-tutorials/build/bin/iosX64/debugFramework";
				GENERATE_INFOPLIST_FILE = NO;
				INFOPLIST_FILE = WorldWindTutorialsApp/Info.plist;
				LD_RUNPATH_SEARCH_PATHS = (
					"$(inherited)",
					"@executable_path/Frameworks",
				);
				MARKETING_VERSION = 1.0;
				OTHER_LDFLAGS = (
					"$(inherited)",
					"-framework",
					OpenGLES,
					"-framework",
					AVFoundation,
					"-framework",
					CoreVideo,
					"-framework",
					QuartzCore,
					"-framework",
					CoreText,
					"-framework",
					CoreGraphics,
					"-framework",
					ImageIO,
					"-framework",
					Security,
				);
				PRODUCT_BUNDLE_IDENTIFIER = earth.worldwind.WorldWindTutorials;
				PRODUCT_MODULE_NAME = WorldWindTutorialsApp;
				PRODUCT_NAME = "$(TARGET_NAME)";
				SUPPORTS_MACCATALYST = NO;
				SUPPORTS_MAC_DESIGNED_FOR_IPHONE_IPAD = YES;
				SWIFT_EMIT_LOC_STRINGS = YES;
				SWIFT_VERSION = 5.0;
				TARGETED_DEVICE_FAMILY = "1,2";
			};
			name = Debug;
		};
		C00000000000000000000004 /* Release */ = {
			isa = XCBuildConfiguration;
			buildSettings = {
				ASSETCATALOG_COMPILER_APPICON_NAME = "";
				ASSETCATALOG_COMPILER_GLOBAL_ACCENT_COLOR_NAME = "";
				CODE_SIGN_STYLE = Automatic;
				CURRENT_PROJECT_VERSION = 1;
				DEVELOPMENT_TEAM = 8M935527Z9;
				ENABLE_PREVIEWS = YES;
				"FRAMEWORK_SEARCH_PATHS[sdk=iphoneos*]" = "$(SRCROOT)/../worldwind-tutorials/build/bin/iosArm64/releaseFramework";
				"FRAMEWORK_SEARCH_PATHS[sdk=iphonesimulator*][arch=arm64]" = "$(SRCROOT)/../worldwind-tutorials/build/bin/iosSimulatorArm64/releaseFramework";
				"FRAMEWORK_SEARCH_PATHS[sdk=iphonesimulator*][arch=x86_64]" = "$(SRCROOT)/../worldwind-tutorials/build/bin/iosX64/releaseFramework";
				GENERATE_INFOPLIST_FILE = NO;
				INFOPLIST_FILE = WorldWindTutorialsApp/Info.plist;
				LD_RUNPATH_SEARCH_PATHS = (
					"$(inherited)",
					"@executable_path/Frameworks",
				);
				MARKETING_VERSION = 1.0;
				OTHER_LDFLAGS = (
					"$(inherited)",
					"-framework",
					OpenGLES,
					"-framework",
					AVFoundation,
					"-framework",
					CoreVideo,
					"-framework",
					QuartzCore,
					"-framework",
					CoreText,
					"-framework",
					CoreGraphics,
					"-framework",
					ImageIO,
					"-framework",
					Security,
				);
				PRODUCT_BUNDLE_IDENTIFIER = earth.worldwind.WorldWindTutorials;
				PRODUCT_MODULE_NAME = WorldWindTutorialsApp;
				PRODUCT_NAME = "$(TARGET_NAME)";
				SUPPORTS_MACCATALYST = NO;
				SUPPORTS_MAC_DESIGNED_FOR_IPHONE_IPAD = YES;
				SWIFT_EMIT_LOC_STRINGS = YES;
				SWIFT_VERSION = 5.0;
				TARGETED_DEVICE_FAMILY = "1,2";
			};
			name = Release;
		};
/* End XCBuildConfiguration section */

/* Begin XCConfigurationList section */
		L00000000000000000000001 /* Build configuration list for PBXProject "WorldWindTutorials" */ = {
			isa = XCConfigurationList;
			buildConfigurations = (
				C00000000000000000000001 /* Debug */,
				C00000000000000000000002 /* Release */,
			);
			defaultConfigurationIsVisible = 0;
			defaultConfigurationName = Release;
		};
		L00000000000000000000002 /* Build configuration list for PBXNativeTarget "WorldWindTutorials" */ = {
			isa = XCConfigurationList;
			buildConfigurations = (
				C00000000000000000000003 /* Debug */,
				C00000000000000000000004 /* Release */,
			);
			defaultConfigurationIsVisible = 0;
			defaultConfigurationName = Release;
		};
/* End XCConfigurationList section */
	};
	rootObject = R00000000000000000000001 /* Project object */;
}
